
Microsoft Visual Studio Solution File, Format Version 12.00
# Visual Studio Version 16
VisualStudioVersion = 16.0.29806.167
MinimumVisualStudioVersion = 10.0.40219.1
Project("{FAE04EC0-301F-11D3-BF4B-00C04F79EFBC}") = "UPIBasedPaymentApp.Android", "UPIBasedPaymentApp\UPIBasedPaymentApp.Android\UPIBasedPaymentApp.Android.csproj", "{A1E87B4D-C1EE-4DBF-9ED5-C3428A1B7408}"
EndProject
Project("{FAE04EC0-301F-11D3-BF4B-00C04F79EFBC}") = "UPIBasedPaymentApp.iOS", "UPIBasedPaymentApp\UPIBasedPaymentApp.iOS\UPIBasedPaymentApp.iOS.csproj", "{2A2077DE-C193-47F1-9CF4-A610D133265A}"
EndProject
Project("{FAE04EC0-301F-11D3-BF4B-00C04F79EFBC}") = "UPIBasedPaymentApp", "UPIBasedPaymentApp\UPIBasedPaymentApp\UPIBasedPaymentApp.csproj", "{A39C3D15-0B5A-461D-B08B-198B1E0D768E}"
EndProject
Global
	GlobalSection(SolutionConfigurationPlatforms) = preSolution
		Debug|Any CPU = Debug|Any CPU
		Debug|iPhone = Debug|iPhone
		Debug|iPhoneSimulator = Debug|iPhoneSimulator
		Release|Any CPU = Release|Any CPU
		Release|iPhone = Release|iPhone
		Release|iPhoneSimulator = Release|iPhoneSimulator
	EndGlobalSection
	GlobalSection(ProjectConfigurationPlatforms) = postSolution
		{A1E87B4D-C1EE-4DBF-9ED5-C3428A1B7408}.Debug|Any CPU.ActiveCfg = Debug|Any CPU
		{A1E87B4D-C1EE-4DBF-9ED5-C3428A1B7408}.Debug|Any CPU.Build.0 = Debug|Any CPU
		{A1E87B4D-C1EE-4DBF-9ED5-C3428A1B7408}.Debug|Any CPU.Deploy.0 = Debug|Any CPU
		{A1E87B4D-C1EE-4DBF-9ED5-C3428A1B7408}.Debug|iPhone.ActiveCfg = Debug|Any CPU
		{A1E87B4D-C1EE-4DBF-9ED5-C3428A1B7408}.Debug|iPhone.Build.0 = Debug|Any CPU
		{A1E87B4D-C1EE-4DBF-9ED5-C3428A1B7408}.Debug|iPhone.Deploy.0 = Debug|Any CPU
		{A1E87B4D-C1EE-4DBF-9ED5-C3428A1B7408}.Debug|iPhoneSimulator.ActiveCfg = Debug|Any CPU
		{A1E87B4D-C1EE-4DBF-9ED5-C3428A1B7408}.Debug|iPhoneSimulator.Build.0 = Debug|Any CPU
		{A1E87B4D-C1EE-4DBF-9ED5-C3428A1B7408}.Debug|iPhoneSimulator.Deploy.0 = Debug|Any CPU
		{A1E87B4D-C1EE-4DBF-9ED5-C3428A1B7408}.Release|Any CPU.ActiveCfg = Release|Any CPU
		{A1E87B4D-C1EE-4DBF-9ED5-C3428A1B7408}.Release|Any CPU.Build.0 = Release|Any CPU
		{A1E87B4D-C1EE-4DBF-9ED5-C3428A1B7408}.Release|Any CPU.Deploy.0 = Release|Any CPU
		{A1E87B4D-C1EE-4DBF-9ED5-C3428A1B7408}.Release|iPhone.ActiveCfg = Release|Any CPU
		{A1E87B4D-C1EE-4DBF-9ED5-C3428A1B7408}.Release|iPhone.Build.0 = Release|Any CPU
		{A1E87B4D-C1EE-4DBF-9ED5-C3428A1B7408}.Release|iPhone.Deploy.0 = Release|Any CPU
		{A1E87B4D-C1EE-4DBF-9ED5-C3428A1B7408}.Release|iPhoneSimulator.ActiveCfg = Release|Any CPU
		{A1E87B4D-C1EE-4DBF-9ED5-C3428A1B7408}.Release|iPhoneSimulator.Build.0 = Release|Any CPU
		{A1E87B4D-C1EE-4DBF-9ED5-C3428A1B7408}.Release|iPhoneSimulator.Deploy.0 = Release|Any CPU
		{2A2077DE-C193-47F1-9CF4-A610D133265A}.Debug|Any CPU.ActiveCfg = Debug|iPhoneSimulator
		{2A2077DE-C193-47F1-9CF4-A610D133265A}.Debug|Any CPU.Build.0 = Debug|iPhoneSimulator
		{2A2077DE-C193-47F1-9CF4-A610D133265A}.Debug|Any CPU.Deploy.0 = Debug|iPhoneSimulator
		{2A2077DE-C193-47F1-9CF4-A610D133265A}.Debug|iPhone.ActiveCfg = Debug|iPhone
		{2A2077DE-C193-47F1-9CF4-A610D133265A}.Debug|iPhone.Build.0 = Debug|iPhone
		{2A2077DE-C193-47F1-9CF4-A610D133265A}.Debug|iPhone.Deploy.0 = Debug|iPhone
		{2A2077DE-C193-47F1-9CF4-A610D133265A}.Debug|iPhoneSimulator.ActiveCfg = Debug|iPhoneSimulator
		{2A2077DE-C193-47F1-9CF4-A610D133265A}.Debug|iPhoneSimulator.Build.0 = Debug|iPhoneSimulator
		{2A2077DE-C193-47F1-9CF4-A610D133265A}.Debug|iPhoneSimulator.Deploy.0 = Debug|iPhoneSimulator
		{2A2077DE-C193-47F1-9CF4-A610D133265A}.Release|Any CPU.ActiveCfg = Release|iPhone
		{2A2077DE-C193-47F1-9CF4-A610D133265A}.Release|Any CPU.Build.0 = Release|iPhone
		{2A2077DE-C193-47F1-9CF4-A610D133265A}.Release|Any CPU.Deploy.0 = Release|iPhone
		{2A2077DE-C193-47F1-9CF4-A610D133265A}.Release|iPhone.ActiveCfg = Release|iPhone
		{2A2077DE-C193-47F1-9CF4-A610D133265A}.Release|iPhone.Build.0 = Release|iPhone
		{2A2077DE-C193-47F1-9CF4-A610D133265A}.Release|iPhone.Deploy.0 = Release|iPhone
		{2A2077DE-C193-47F1-9CF4-A610D133265A}.Release|iPhoneSimulator.ActiveCfg = Release|iPhoneSimulator
		{2A2077DE-C193-47F1-9CF4-A610D133265A}.Release|iPhoneSimulator.Build.0 = Release|iPhoneSimulator
		{2A2077DE-C193-47F1-9CF4-A610D133265A}.Release|iPhoneSimulator.Deploy.0 = Release|iPhoneSimulator
		{A39C3D15-0B5A-461D-B08B-198B1E0D768E}.Debug|Any CPU.ActiveCfg = Debug|Any CPU
		{A39C3D15-0B5A-461D-B08B-198B1E0D768E}.Debug|Any CPU.Build.0 = Debug|Any CPU
		{A39C3D15-0B5A-461D-B08B-198B1E0D768E}.Debug|Any CPU.Deploy.0 = Debug|Any CPU
		{A39C3D15-0B5A-461D-B08B-198B1E0D768E}.Debug|iPhone.ActiveCfg = Debug|Any CPU
		{A39C3D15-0B5A-461D-B08B-198B1E0D768E}.Debug|iPhone.Build.0 = Debug|Any CPU
		{A39C3D15-0B5A-461D-B08B-198B1E0D768E}.Debug|iPhone.Deploy.0 = Debug|Any CPU
		{A39C3D15-0B5A-461D-B08B-198B1E0D768E}.Debug|iPhoneSimulator.ActiveCfg = Debug|Any CPU
		{A39C3D15-0B5A-461D-B08B-198B1E0D768E}.Debug|iPhoneSimulator.Build.0 = Debug|Any CPU
		{A39C3D15-0B5A-461D-B08B-198B1E0D768E}.Debug|iPhoneSimulator.Deploy.0 = Debug|Any CPU
		{A39C3D15-0B5A-461D-B08B-198B1E0D768E}.Release|Any CPU.ActiveCfg = Release|Any CPU
		{A39C3D15-0B5A-461D-B08B-198B1E0D768E}.Release|Any CPU.Build.0 = Release|Any CPU
		{A39C3D15-0B5A-461D-B08B-198B1E0D768E}.Release|Any CPU.Deploy.0 = Release|Any CPU
		{A39C3D15-0B5A-461D-B08B-198B1E0D768E}.Release|iPhone.ActiveCfg = Release|Any CPU
		{A39C3D15-0B5A-461D-B08B-198B1E0D768E}.Release|iPhone.Build.0 = Release|Any CPU
		{A39C3D15-0B5A-461D-B08B-198B1E0D768E}.Release|iPhone.Deploy.0 = Release|Any CPU
		{A39C3D15-0B5A-461D-B08B-198B1E0D768E}.Release|iPhoneSimulator.ActiveCfg = Release|Any CPU
		{A39C3D15-0B5A-461D-B08B-198B1E0D768E}.Release|iPhoneSimulator.Build.0 = Release|Any CPU
		{A39C3D15-0B5A-461D-B08B-198B1E0D768E}.Release|iPhoneSimulator.Deploy.0 = Release|Any CPU
	EndGlobalSection
	GlobalSection(SolutionProperties) = preSolution
		HideSolutionNode = FALSE
	EndGlobalSection
	GlobalSection(ExtensibilityGlobals) = postSolution
		SolutionGuid = {52582E32-5D25-4928-9C32-9FB6E471CA72}
	EndGlobalSection
EndGlobal
